// !$*UTF8*$!
{
	archiveVersion = 1;
	classes = {
	};
	objectVersion = 55;
	objects = {

/* Begin PBXBuildFile section */
		24484C694CB20327BADE29A9 /* Pods_Week8_2.framework in Frameworks */ = {isa = PBXBuildFile; fileRef = 5C5509CF58F1F1C638D3B3AF /* Pods_Week8_2.framework */; };
		6765F261274521CB0053E8DC /* AppDelegate.swift in Sources */ = {isa = PBXBuildFile; fileRef = 6765F260274521CB0053E8DC /* AppDelegate.swift */; };
		6765F263274521CB0053E8DC /* SceneDelegate.swift in Sources */ = {isa = PBXBuildFile; fileRef = 6765F262274521CB0053E8DC /* SceneDelegate.swift */; };
		6765F265274521CB0053E8DC /* ViewController.swift in Sources */ = {isa = PBXBuildFile; fileRef = 6765F264274521CB0053E8DC /* ViewController.swift */; };
		6765F268274521CB0053E8DC /* Main.storyboard in Resources */ = {isa = PBXBuildFile; fileRef = 6765F266274521CB0053E8DC /* Main.storyboard */; };
		6765F26A274521CB0053E8DC /* Assets.xcassets in Resources */ = {isa = PBXBuildFile; fileRef = 6765F269274521CB0053E8DC /* Assets.xcassets */; };
		6765F26D274521CB0053E8DC /* LaunchScreen.storyboard in Resources */ = {isa = PBXBuildFile; fileRef = 6765F26B274521CB0053E8DC /* LaunchScreen.storyboard */; };
		6788B5D627476B5D0053F819 /* UIImageView+Extensions.swift in Sources */ = {isa = PBXBuildFile; fileRef = 6788B5D527476B5D0053F819 /* UIImageView+Extensions.swift */; };
		6788B5D8274773F30053F819 /* PhotosViewModel.swift in Sources */ = {isa = PBXBuildFile; fileRef = 6788B5D7274773F30053F819 /* PhotosViewModel.swift */; };
		67C1D2A6274B48AC0019C304 /* Webservice.swift in Sources */ = {isa = PBXBuildFile; fileRef = 67C1D2A5274B48AC0019C304 /* Webservice.swift */; };
		67D5E5C9274746600063B8ED /* CollectionViewCell.swift in Sources */ = {isa = PBXBuildFile; fileRef = 67D5E5C8274746600063B8ED /* CollectionViewCell.swift */; };
		67D5E5CB27474B5E0063B8ED /* Constants.swift in Sources */ = {isa = PBXBuildFile; fileRef = 67D5E5CA27474B5E0063B8ED /* Constants.swift */; };
		67D5E5CD2747567A0063B8ED /* Photos.swift in Sources */ = {isa = PBXBuildFile; fileRef = 67D5E5CC2747567A0063B8ED /* Photos.swift */; };
		67D5E5CF274759BA0063B8ED /* PhotosInfo.swift in Sources */ = {isa = PBXBuildFile; fileRef = 67D5E5CE274759BA0063B8ED /* PhotosInfo.swift */; };
		67D5E5D127475A050063B8ED /* Photo.swift in Sources */ = {isa = PBXBuildFile; fileRef = 67D5E5D027475A050063B8ED /* Photo.swift */; };
/* End PBXBuildFile section */

/* Begin PBXFileReference section */
		1A886502D52DD5884BE37EE5 /* Pods-Week8-2.release.xcconfig */ = {isa = PBXFileReference; includeInIndex = 1; lastKnownFileType = text.xcconfig; name = "Pods-Week8-2.release.xcconfig"; path = "Target Support Files/Pods-Week8-2/Pods-Week8-2.release.xcconfig"; sourceTree = "<group>"; };
		5C5509CF58F1F1C638D3B3AF /* Pods_Week8_2.framework */ = {isa = PBXFileReference; explicitFileType = wrapper.framework; includeInIndex = 0; path = Pods_Week8_2.framework; sourceTree = BUILT_PRODUCTS_DIR; };
		6765F25D274521CB0053E8DC /* Week8-2.app */ = {isa = PBXFileReference; explicitFileType = wrapper.application; includeInIndex = 0; path = "Week8-2.app"; sourceTree = BUILT_PRODUCTS_DIR; };
		6765F260274521CB0053E8DC /* AppDelegate.swift */ = {isa = PBXFileReference; lastKnownFileType = sourcecode.swift; path = AppDelegate.swift; sourceTree = "<group>"; };
		6765F262274521CB0053E8DC /* SceneDelegate.swift */ = {isa = PBXFileReference; lastKnownFileType = sourcecode.swift; path = SceneDelegate.swift; sourceTree = "<group>"; };
		6765F264274521CB0053E8DC /* ViewController.swift */ = {isa = PBXFileReference; lastKnownFileType = sourcecode.swift; path = ViewController.swift; sourceTree = "<group>"; };
		6765F267274521CB0053E8DC /* Base */ = {isa = PBXFileReference; lastKnownFileType = file.storyboard; name = Base; path = Base.lproj/Main.storyboard; sourceTree = "<group>"; };
		6765F269274521CB0053E8DC /* Assets.xcassets */ = {isa = PBXFileReference; lastKnownFileType = folder.assetcatalog; path = Assets.xcassets; sourceTree = "<group>"; };
		6765F26C274521CB0053E8DC /* Base */ = {isa = PBXFileReference; lastKnownFileType = file.storyboard; name = Base; path = Base.lproj/LaunchScreen.storyboard; sourceTree = "<group>"; };
		6765F26E274521CB0053E8DC /* Info.plist */ = {isa = PBXFileReference; lastKnownFileType = text.plist.xml; path = Info.plist; sourceTree = "<group>"; };
		6788B5D527476B5D0053F819 /* UIImageView+Extensions.swift */ = {isa = PBXFileReference; lastKnownFileType = sourcecode.swift; path = "UIImageView+Extensions.swift"; sourceTree = "<group>"; };
		6788B5D7274773F30053F819 /* PhotosViewModel.swift */ = {isa = PBXFileReference; lastKnownFileType = sourcecode.swift; path = PhotosViewModel.swift; sourceTree = "<group>"; };
		67C1D2A5274B48AC0019C304 /* Webservice.swift */ = {isa = PBXFileReference; lastKnownFileType = sourcecode.swift; path = Webservice.swift; sourceTree = "<group>"; };
		67D5E5C8274746600063B8ED /* CollectionViewCell.swift */ = {isa = PBXFileReference; lastKnownFileType = sourcecode.swift; path = CollectionViewCell.swift; sourceTree = "<group>"; };
		67D5E5CA27474B5E0063B8ED /* Constants.swift */ = {isa = PBXFileReference; lastKnownFileType = sourcecode.swift; path = Constants.swift; sourceTree = "<group>"; };
		67D5E5CC2747567A0063B8ED /* Photos.swift */ = {isa = PBXFileReference; lastKnownFileType = sourcecode.swift; path = Photos.swift; sourceTree = "<group>"; };
		67D5E5CE274759BA0063B8ED /* PhotosInfo.swift */ = {isa = PBXFileReference; lastKnownFileType = sourcecode.swift; path = PhotosInfo.swift; sourceTree = "<group>"; };
		67D5E5D027475A050063B8ED /* Photo.swift */ = {isa = PBXFileReference; lastKnownFileType = sourcecode.swift; path = Photo.swift; sourceTree = "<group>"; };
		B930A1A2657E2697510A4751 /* Pods-Week8-2.debug.xcconfig */ = {isa = PBXFileReference; includeInIndex = 1; lastKnownFileType = text.xcconfig; name = "Pods-Week8-2.debug.xcconfig"; path = "Target Support Files/Pods-Week8-2/Pods-Week8-2.debug.xcconfig"; sourceTree = "<group>"; };
/* End PBXFileReference section */

/* Begin PBXFrameworksBuildPhase section */
		6765F25A274521CB0053E8DC /* Frameworks */ = {
			isa = PBXFrameworksBuildPhase;
			buildActionMask = 2147483647;
			files = (
				24484C694CB20327BADE29A9 /* Pods_Week8_2.framework in Frameworks */,
			);
			runOnlyForDeploymentPostprocessing = 0;
		};
/* End PBXFrameworksBuildPhase section */

/* Begin PBXGroup section */
		51470F1E0DEF38B0985ADFAB /* Pods */ = {
			isa = PBXGroup;
			children = (
				B930A1A2657E2697510A4751 /* Pods-Week8-2.debug.xcconfig */,
				1A886502D52DD5884BE37EE5 /* Pods-Week8-2.release.xcconfig */,
			);
			path = Pods;
			sourceTree = "<group>";
		};
		6765F254274521CB0053E8DC = {
			isa = PBXGroup;
			children = (
				6765F25F274521CB0053E8DC /* Week8-2 */,
				6765F25E274521CB0053E8DC /* Products */,
				51470F1E0DEF38B0985ADFAB /* Pods */,
				B5104B1F626800ECCA4012E2 /* Frameworks */,
			);
			sourceTree = "<group>";
		};
		6765F25E274521CB0053E8DC /* Products */ = {
			isa = PBXGroup;
			children = (
				6765F25D274521CB0053E8DC /* Week8-2.app */,
			);
			name = Products;
			sourceTree = "<group>";
		};
		6765F25F274521CB0053E8DC /* Week8-2 */ = {
			isa = PBXGroup;
			children = (
				67C1D2A4274B48280019C304 /* Service */,
				6765F278274539990053E8DC /* Core */,
				6788B5D427476B240053F819 /* Extensions */,
				67D5E5C72747462E0063B8ED /* Cell */,
				67D5E5C6274741210063B8ED /* Scenes */,
				6765F277274534300053E8DC /* ViewModel */,
				6765F276274534150053E8DC /* View */,
				6765F2752745340F0053E8DC /* Model */,
				6765F274274534080053E8DC /* Constants */,
				6765F26E274521CB0053E8DC /* Info.plist */,
			);
			path = "Week8-2";
			sourceTree = "<group>";
		};
		6765F274274534080053E8DC /* Constants */ = {
			isa = PBXGroup;
			children = (
				67D5E5CA27474B5E0063B8ED /* Constants.swift */,
			);
			path = Constants;
			sourceTree = "<group>";
		};
		6765F2752745340F0053E8DC /* Model */ = {
			isa = PBXGroup;
			children = (
				67D5E5CC2747567A0063B8ED /* Photos.swift */,
				67D5E5CE274759BA0063B8ED /* PhotosInfo.swift */,
				67D5E5D027475A050063B8ED /* Photo.swift */,
			);
			path = Model;
			sourceTree = "<group>";
		};
		6765F276274534150053E8DC /* View */ = {
			isa = PBXGroup;
			children = (
				6765F266274521CB0053E8DC /* Main.storyboard */,
			);
			path = View;
			sourceTree = "<group>";
		};
		6765F277274534300053E8DC /* ViewModel */ = {
			isa = PBXGroup;
			children = (
				6788B5D7274773F30053F819 /* PhotosViewModel.swift */,
			);
			path = ViewModel;
			sourceTree = "<group>";
		};
		6765F278274539990053E8DC /* Core */ = {
			isa = PBXGroup;
			children = (
				6765F260274521CB0053E8DC /* AppDelegate.swift */,
				6765F262274521CB0053E8DC /* SceneDelegate.swift */,
				6765F269274521CB0053E8DC /* Assets.xcassets */,
				6765F26B274521CB0053E8DC /* LaunchScreen.storyboard */,
			);
			path = Core;
			sourceTree = "<group>";
		};
		6788B5D427476B240053F819 /* Extensions */ = {
			isa = PBXGroup;
			children = (
				6788B5D527476B5D0053F819 /* UIImageView+Extensions.swift */,
			);
			path = Extensions;
			sourceTree = "<group>";
		};
		67C1D2A4274B48280019C304 /* Service */ = {
			isa = PBXGroup;
			children = (
				67C1D2A5274B48AC0019C304 /* Webservice.swift */,
			);
			path = Service;
			sourceTree = "<group>";
		};
		67D5E5C6274741210063B8ED /* Scenes */ = {
			isa = PBXGroup;
			children = (
				6765F264274521CB0053E8DC /* ViewController.swift */,
			);
			path = Scenes;
			sourceTree = "<group>";
		};
		67D5E5C72747462E0063B8ED /* Cell */ = {
			isa = PBXGroup;
			children = (
				67D5E5C8274746600063B8ED /* CollectionViewCell.swift */,
			);
			path = Cell;
			sourceTree = "<group>";
		};
		B5104B1F626800ECCA4012E2 /* Frameworks */ = {
			isa = PBXGroup;
			children = (
				5C5509CF58F1F1C638D3B3AF /* Pods_Week8_2.framework */,
			);
			name = Frameworks;
			sourceTree = "<group>";
		};
/* End PBXGroup section */

/* Begin PBXNativeTarget section */
		6765F25C274521CB0053E8DC /* Week8-2 */ = {
			isa = PBXNativeTarget;
			buildConfigurationList = 6765F271274521CB0053E8DC /* Build configuration list for PBXNativeTarget "Week8-2" */;
			buildPhases = (
				530891C10510F5828A87B4C5 /* [CP] Check Pods Manifest.lock */,
				6765F259274521CB0053E8DC /* Sources */,
				6765F25A274521CB0053E8DC /* Frameworks */,
				6765F25B274521CB0053E8DC /* Resources */,
				875B7351C9EF39442A13096B /* [CP] Embed Pods Frameworks */,
			);
			buildRules = (
			);
			dependencies = (
			);
			name = "Week8-2";
			productName = "Week8-2";
			productReference = 6765F25D274521CB0053E8DC /* Week8-2.app */;
			productType = "com.apple.product-type.application";
		};
/* End PBXNativeTarget section */

/* Begin PBXProject section */
		6765F255274521CB0053E8DC /* Project object */ = {
			isa = PBXProject;
			attributes = {
				BuildIndependentTargetsInParallel = 1;
				LastSwiftUpdateCheck = 1310;
				LastUpgradeCheck = 1310;
				TargetAttributes = {
					6765F25C274521CB0053E8DC = {
						CreatedOnToolsVersion = 13.1;
					};
				};
			};
			buildConfigurationList = 6765F258274521CB0053E8DC /* Build configuration list for PBXProject "Week8-2" */;
			compatibilityVersion = "Xcode 13.0";
			developmentRegion = en;
			hasScannedForEncodings = 0;
			knownRegions = (
				en,
				Base,
			);
			mainGroup = 6765F254274521CB0053E8DC;
			productRefGroup = 6765F25E274521CB0053E8DC /* Products */;
			projectDirPath = "";
			projectRoot = "";
			targets = (
				6765F25C274521CB0053E8DC /* Week8-2 */,
			);
		};
/* End PBXProject section */

/* Begin PBXResourcesBuildPhase section */
		6765F25B274521CB0053E8DC /* Resources */ = {
			isa = PBXResourcesBuildPhase;
			buildActionMask = 2147483647;
			files = (
				6765F26D274521CB0053E8DC /* LaunchScreen.storyboard in Resources */,
				6765F26A274521CB0053E8DC /* Assets.xcassets in Resources */,
				6765F268274521CB0053E8DC /* Main.storyboard in Resources */,
			);
			runOnlyForDeploymentPostprocessing = 0;
		};
/* End PBXResourcesBuildPhase section */

/* Begin PBXShellScriptBuildPhase section */
		530891C10510F5828A87B4C5 /* [CP] Check Pods Manifest.lock */ = {
			isa = PBXShellScriptBuildPhase;
			buildActionMask = 2147483647;
			files = (
			);
			inputFileListPaths = (
			);
			inputPaths = (
				"${PODS_PODFILE_DIR_PATH}/Podfile.lock",
				"${PODS_ROOT}/Manifest.lock",
			);
			name = "[CP] Check Pods Manifest.lock";
			outputFileListPaths = (
			);
			outputPaths = (
				"$(DERIVED_FILE_DIR)/Pods-Week8-2-checkManifestLockResult.txt",
			);
			runOnlyForDeploymentPostprocessing = 0;
			shellPath = /bin/sh;
			shellScript = "diff \"${PODS_PODFILE_DIR_PATH}/Podfile.lock\" \"${PODS_ROOT}/Manifest.lock\" > /dev/null\nif [ $? != 0 ] ; then\n    # print error to STDERR\n    echo \"error: The sandbox is not in sync with the Podfile.lock. Run 'pod install' or update your CocoaPods installation.\" >&2\n    exit 1\nfi\n# This output is used by Xcode 'outputs' to avoid re-running this script phase.\necho \"SUCCESS\" > \"${SCRIPT_OUTPUT_FILE_0}\"\n";
			showEnvVarsInLog = 0;
		};
		875B7351C9EF39442A13096B /* [CP] Embed Pods Frameworks */ = {
			isa = PBXShellScriptBuildPhase;
			buildActionMask = 2147483647;
			files = (
			);
			inputFileListPaths = (
				"${PODS_ROOT}/Target Support Files/Pods-Week8-2/Pods-Week8-2-frameworks-${CONFIGURATION}-input-files.xcfilelist",
			);
			name = "[CP] Embed Pods Frameworks";
			outputFileListPaths = (
				"${PODS_ROOT}/Target Support Files/Pods-Week8-2/Pods-Week8-2-frameworks-${CONFIGURATION}-output-files.xcfilelist",
			);
			runOnlyForDeploymentPostprocessing = 0;
			shellPath = /bin/sh;
			shellScript = "\"${PODS_ROOT}/Target Support Files/Pods-Week8-2/Pods-Week8-2-frameworks.sh\"\n";
			showEnvVarsInLog = 0;
		};
/* End PBXShellScriptBuildPhase section */

/* Begin PBXSourcesBuildPhase section */
		6765F259274521CB0053E8DC /* Sources */ = {
			isa = PBXSourcesBuildPhase;
			buildActionMask = 2147483647;
			files = (
				67D5E5D127475A050063B8ED /* Photo.swift in Sources */,
				67D5E5CD2747567A0063B8ED /* Photos.swift in Sources */,
				67D5E5CB27474B5E0063B8ED /* Constants.swift in Sources */,
				6788B5D627476B5D0053F819 /* UIImageView+Extensions.swift in Sources */,
				67C1D2A6274B48AC0019C304 /* Webservice.swift in Sources */,
				6765F265274521CB0053E8DC /* ViewController.swift in Sources */,
				6765F261274521CB0053E8DC /* AppDelegate.swift in Sources */,
				67D5E5C9274746600063B8ED /* CollectionViewCell.swift in Sources */,
				6788B5D8274773F30053F819 /* PhotosViewModel.swift in Sources */,
				67D5E5CF274759BA0063B8ED /* PhotosInfo.swift in Sources */,
				6765F263274521CB0053E8DC /* SceneDelegate.swift in Sources */,
			);
			runOnlyForDeploymentPostprocessing = 0;
		};
/* End PBXSourcesBuildPhase section */

/* Begin PBXVariantGroup section */
		6765F266274521CB0053E8DC /* Main.storyboard */ = {
			isa = PBXVariantGroup;
			children = (
				6765F267274521CB0053E8DC /* Base */,
			);
			name = Main.storyboard;
			sourceTree = "<group>";
		};
		6765F26B274521CB0053E8DC /* LaunchScreen.storyboard */ = {
			isa = PBXVariantGroup;
			children = (
				6765F26C274521CB0053E8DC /* Base */,
			);
			name = LaunchScreen.storyboard;
			sourceTree = "<group>";
		};
/* End PBXVariantGroup section */

/* Begin XCBuildConfiguration section */
		6765F26F274521CB0053E8DC /* Debug */ = {
			isa = XCBuildConfiguration;
			buildSettings = {
				ALWAYS_SEARCH_USER_PATHS = NO;
				CLANG_ANALYZER_NONNULL = YES;
				CLANG_ANALYZER_NUMBER_OBJECT_CONVERSION = YES_AGGRESSIVE;
				CLANG_CXX_LANGUAGE_STANDARD = "gnu++17";
				CLANG_CXX_LIBRARY = "libc++";
				CLANG_ENABLE_MODULES = YES;
				CLANG_ENABLE_OBJC_ARC = YES;
				CLANG_ENABLE_OBJC_WEAK = YES;
				CLANG_WARN_BLOCK_CAPTURE_AUTORELEASING = YES;
				CLANG_WARN_BOOL_CONVERSION = YES;
				CLANG_WARN_COMMA = YES;
				CLANG_WARN_CONSTANT_CONVERSION = YES;
				CLANG_WARN_DEPRECATED_OBJC_IMPLEMENTATIONS = YES;
				CLANG_WARN_DIRECT_OBJC_ISA_USAGE = YES_ERROR;
				CLANG_WARN_DOCUMENTATION_COMMENTS = YES;
				CLANG_WARN_EMPTY_BODY = YES;
				CLANG_WARN_ENUM_CONVERSION = YES;
				CLANG_WARN_INFINITE_RECURSION = YES;
				CLANG_WARN_INT_CONVERSION = YES;
				CLANG_WARN_NON_LITERAL_NULL_CONVERSION = YES;
				CLANG_WARN_OBJC_IMPLICIT_RETAIN_SELF = YES;
				CLANG_WARN_OBJC_LITERAL_CONVERSION = YES;
				CLANG_WARN_OBJC_ROOT_CLASS = YES_ERROR;
				CLANG_WARN_QUOTED_INCLUDE_IN_FRAMEWORK_HEADER = YES;
				CLANG_WARN_RANGE_LOOP_ANALYSIS = YES;
				CLANG_WARN_STRICT_PROTOTYPES = YES;
				CLANG_WARN_SUSPICIOUS_MOVE = YES;
				CLANG_WARN_UNGUARDED_AVAILABILITY = YES_AGGRESSIVE;
				CLANG_WARN_UNREACHABLE_CODE = YES;
				CLANG_WARN__DUPLICATE_METHOD_MATCH = YES;
				COPY_PHASE_STRIP = NO;
				DEBUG_INFORMATION_FORMAT = dwarf;
				ENABLE_STRICT_OBJC_MSGSEND = YES;
				ENABLE_TESTABILITY = YES;
				GCC_C_LANGUAGE_STANDARD = gnu11;
				GCC_DYNAMIC_NO_PIC = NO;
				GCC_NO_COMMON_BLOCKS = YES;
				GCC_OPTIMIZATION_LEVEL = 0;
				GCC_PREPROCESSOR_DEFINITIONS = (
					"DEBUG=1",
					"$(inherited)",
				);
				GCC_WARN_64_TO_32_BIT_CONVERSION = YES;
				GCC_WARN_ABOUT_RETURN_TYPE = YES_ERROR;
				GCC_WARN_UNDECLARED_SELECTOR = YES;
				GCC_WARN_UNINITIALIZED_AUTOS = YES_AGGRESSIVE;
				GCC_WARN_UNUSED_FUNCTION = YES;
				GCC_WARN_UNUSED_VARIABLE = YES;
				IPHONEOS_DEPLOYMENT_TARGET = 15.0;
				MTL_ENABLE_DEBUG_INFO = INCLUDE_SOURCE;
				MTL_FAST_MATH = YES;
				ONLY_ACTIVE_ARCH = YES;
				SDKROOT = iphoneos;
				SWIFT_ACTIVE_COMPILATION_CONDITIONS = DEBUG;
				SWIFT_OPTIMIZATION_LEVEL = "-Onone";
			};
			name = Debug;
		};
		6765F270274521CB0053E8DC /* Release */ = {
			isa = XCBuildConfiguration;
			buildSettings = {
				ALWAYS_SEARCH_USER_PATHS = NO;
				CLANG_ANALYZER_NONNULL = YES;
				CLANG_ANALYZER_NUMBER_OBJECT_CONVERSION = YES_AGGRESSIVE;
				CLANG_CXX_LANGUAGE_STANDARD = "gnu++17";
				CLANG_CXX_LIBRARY = "libc++";
				CLANG_ENABLE_MODULES = YES;
				CLANG_ENABLE_OBJC_ARC = YES;
				CLANG_ENABLE_OBJC_WEAK = YES;
				CLANG_WARN_BLOCK_CAPTURE_AUTORELEASING = YES;
				CLANG_WARN_BOOL_CONVERSION = YES;
				CLANG_WARN_COMMA = YES;
				CLANG_WARN_CONSTANT_CONVERSION = YES;
				CLANG_WARN_DEPRECATED_OBJC_IMPLEMENTATIONS = YES;
				CLANG_WARN_DIRECT_OBJC_ISA_USAGE = YES_ERROR;
				CLANG_WARN_DOCUMENTATION_COMMENTS = YES;
				CLANG_WARN_EMPTY_BODY = YES;
				CLANG_WARN_ENUM_CONVERSION = YES;
				CLANG_WARN_INFINITE_RECURSION = YES;
				CLANG_WARN_INT_CONVERSION = YES;
				CLANG_WARN_NON_LITERAL_NULL_CONVERSION = YES;
				CLANG_WARN_OBJC_IMPLICIT_RETAIN_SELF = YES;
				CLANG_WARN_OBJC_LITERAL_CONVERSION = YES;
				CLANG_WARN_OBJC_ROOT_CLASS = YES_ERROR;
				CLANG_WARN_QUOTED_INCLUDE_IN_FRAMEWORK_HEADER = YES;
				CLANG_WARN_RANGE_LOOP_ANALYSIS = YES;
				CLANG_WARN_STRICT_PROTOTYPES = YES;
				CLANG_WARN_SUSPICIOUS_MOVE = YES;
				CLANG_WARN_UNGUARDED_AVAILABILITY = YES_AGGRESSIVE;
				CLANG_WARN_UNREACHABLE_CODE = YES;
				CLANG_WARN__DUPLICATE_METHOD_MATCH = YES;
				COPY_PHASE_STRIP = NO;
				DEBUG_INFORMATION_FORMAT = "dwarf-with-dsym";
				ENABLE_NS_ASSERTIONS = NO;
				ENABLE_STRICT_OBJC_MSGSEND = YES;
				GCC_C_LANGUAGE_STANDARD = gnu11;
				GCC_NO_COMMON_BLOCKS = YES;
				GCC_WARN_64_TO_32_BIT_CONVERSION = YES;
				GCC_WARN_ABOUT_RETURN_TYPE = YES_ERROR;
				GCC_WARN_UNDECLARED_SELECTOR = YES;
				GCC_WARN_UNINITIALIZED_AUTOS = YES_AGGRESSIVE;
				GCC_WARN_UNUSED_FUNCTION = YES;
				GCC_WARN_UNUSED_VARIABLE = YES;
				IPHONEOS_DEPLOYMENT_TARGET = 15.0;
				MTL_ENABLE_DEBUG_INFO = NO;
				MTL_FAST_MATH = YES;
				SDKROOT = iphoneos;
				SWIFT_COMPILATION_MODE = wholemodule;
				SWIFT_OPTIMIZATION_LEVEL = "-O";
				VALIDATE_PRODUCT = YES;
			};
			name = Release;
		};
		6765F272274521CB0053E8DC /* Debug */ = {
			isa = XCBuildConfiguration;
			baseConfigurationReference = B930A1A2657E2697510A4751 /* Pods-Week8-2.debug.xcconfig */;
			buildSettings = {
				ASSETCATALOG_COMPILER_APPICON_NAME = AppIcon;
				ASSETCATALOG_COMPILER_GLOBAL_ACCENT_COLOR_NAME = AccentColor;
				CODE_SIGN_STYLE = Automatic;
				CURRENT_PROJECT_VERSION = 1;
				DEVELOPMENT_TEAM = BNK334U5U9;
				GENERATE_INFOPLIST_FILE = YES;
				INFOPLIST_FILE = "Week8-2/Info.plist";
				INFOPLIST_KEY_UIApplicationSupportsIndirectInputEvents = YES;
				INFOPLIST_KEY_UILaunchStoryboardName = LaunchScreen;
				INFOPLIST_KEY_UIMainStoryboardFile = Main;
				INFOPLIST_KEY_UISupportedInterfaceOrientations_iPad = "UIInterfaceOrientationPortrait UIInterfaceOrientationPortraitUpsideDown UIInterfaceOrientationLandscapeLeft UIInterfaceOrientationLandscapeRight";
				INFOPLIST_KEY_UISupportedInterfaceOrientations_iPhone = "UIInterfaceOrientationPortrait UIInterfaceOrientationLandscapeLeft UIInterfaceOrientationLandscapeRight";
				LD_RUNPATH_SEARCH_PATHS = (
					"$(inherited)",
					"@executable_path/Frameworks",
				);
				MARKETING_VERSION = 1.0;
				PRODUCT_BUNDLE_IDENTIFIER = "com.mehmetsalihcelik.Week8-2";
				PRODUCT_NAME = "$(TARGET_NAME)";
				SWIFT_EMIT_LOC_STRINGS = YES;
				SWIFT_VERSION = 5.0;
				TARGETED_DEVICE_FAMILY = "1,2";
			};
			name = Debug;
		};
		6765F273274521CB0053E8DC /* Release */ = {
			isa = XCBuildConfiguration;
			baseConfigurationReference = 1A886502D52DD5884BE37EE5 /* Pods-Week8-2.release.xcconfig */;
			buildSettings = {
				ASSETCATALOG_COMPILER_APPICON_NAME = AppIcon;
				ASSETCATALOG_COMPILER_GLOBAL_ACCENT_COLOR_NAME = AccentColor;
				CODE_SIGN_STYLE = Automatic;
				CURRENT_PROJECT_VERSION = 1;
				DEVELOPMENT_TEAM = BNK334U5U9;
				GENERATE_INFOPLIST_FILE = YES;
				INFOPLIST_FILE = "Week8-2/Info.plist";
				INFOPLIST_KEY_UIApplicationSupportsIndirectInputEvents = YES;
				INFOPLIST_KEY_UILaunchStoryboardName = LaunchScreen;
				INFOPLIST_KEY_UIMainStoryboardFile = Main;
				INFOPLIST_KEY_UISupportedInterfaceOrientations_iPad = "UIInterfaceOrientationPortrait UIInterfaceOrientationPortraitUpsideDown UIInterfaceOrientationLandscapeLeft UIInterfaceOrientationLandscapeRight";
				INFOPLIST_KEY_UISupportedInterfaceOrientations_iPhone = "UIInterfaceOrientationPortrait UIInterfaceOrientationLandscapeLeft UIInterfaceOrientationLandscapeRight";
				LD_RUNPATH_SEARCH_PATHS = (
					"$(inherited)",
					"@executable_path/Frameworks",
				);
				MARKETING_VERSION = 1.0;
				PRODUCT_BUNDLE_IDENTIFIER = "com.mehmetsalihcelik.Week8-2";
				PRODUCT_NAME = "$(TARGET_NAME)";
				SWIFT_EMIT_LOC_STRINGS = YES;
				SWIFT_VERSION = 5.0;
				TARGETED_DEVICE_FAMILY = "1,2";
			};
			name = Release;
		};
/* End XCBuildConfiguration section */

/* Begin XCConfigurationList section */
		6765F258274521CB0053E8DC /* Build configuration list for PBXProject "Week8-2" */ = {
			isa = XCConfigurationList;
			buildConfigurations = (
				6765F26F274521CB0053E8DC /* Debug */,
				6765F270274521CB0053E8DC /* Release */,
			);
			defaultConfigurationIsVisible = 0;
			defaultConfigurationName = Release;
		};
		6765F271274521CB0053E8DC /* Build configuration list for PBXNativeTarget "Week8-2" */ = {
			isa = XCConfigurationList;
			buildConfigurations = (
				6765F272274521CB0053E8DC /* Debug */,
				6765F273274521CB0053E8DC /* Release */,
			);
			defaultConfigurationIsVisible = 0;
			defaultConfigurationName = Release;
		};
/* End XCConfigurationList section */
	};
	rootObject = 6765F255274521CB0053E8DC /* Project object */;
}
